{
  "name": "movie",
  "lockfileVersion": 3,
  "requires": true,
  "packages": {
    "": {
      "dependencies": {
        "framer-motion": "^12.10.1",
        "lucide-react": "^0.508.0",
        "motion": "^12.10.5",
        "next-themes": "^0.4.6"
      }
    },
    "node_modules/framer-motion": {
      "version": "12.10.5",
      "resolved": "https://registry.npmjs.org/framer-motion/-/framer-motion-12.10.5.tgz",
      "integrity": "sha512-p6VF1YkwWvNDFzg5IQ5lqPx11Td4TQ6LqDnshV7sWj0Nrp4dwz2/aEzmgh9WA9ridcTIJ625Fr0oiuhgqIoFwQ==",
      "license": "MIT",
      "dependencies": {
        "motion-dom": "^12.10.5",
        "motion-utils": "^12.9.4",
        "tslib": "^2.4.0"
      },
      "peerDependencies": {
        "@emotion/is-prop-valid": "*",
        "react": "^18.0.0 || ^19.0.0",
        "react-dom": "^18.0.0 || ^19.0.0"
      },
      "peerDependenciesMeta": {
        "@emotion/is-prop-valid": {
          "optional": true
        },
        "react": {
          "optional": true
        },
        "react-dom": {
          "optional": true
        }
      }
    },
    "node_modules/lucide-react": {
      "version": "0.508.0",
      "resolved": "https://registry.npmjs.org/lucide-react/-/lucide-react-0.508.0.tgz",
      "integrity": "sha512-gcP16PnexqtOFrTtv98kVsGzTfnbPekzZiQfByi2S89xfk7E/4uKE1USZqccIp58v42LqkO7MuwpCqshwSrJCg==",
      "license": "ISC",
      "peerDependencies": {
        "react": "^16.5.1 || ^17.0.0 || ^18.0.0 || ^19.0.0"
      }
    },
    "node_modules/motion": {
      "version": "12.10.5",
      "resolved": "https://registry.npmjs.org/motion/-/motion-12.10.5.tgz",
      "integrity": "sha512-vRzav5F6STetDXx1gpduztcChF7St+HM6gmHhBjaCc7qHC+fBoeMtO2npSt2YXRJKhwQggTTVx2fHP6RL2QxMA==",
      "license": "MIT",
      "dependencies": {
        "framer-motion": "^12.10.5",
        "tslib": "^2.4.0"
      },
      "peerDependencies": {
        "@emotion/is-prop-valid": "*",
        "react": "^18.0.0 || ^19.0.0",
        "react-dom": "^18.0.0 || ^19.0.0"
      },
      "peerDependenciesMeta": {
        "@emotion/is-prop-valid": {
          "optional": true
        },
        "react": {
          "optional": true
        },
        "react-dom": {
          "optional": true
        }
      }
    },
    "node_modules/motion-dom": {
      "version": "12.10.5",
      "resolved": "https://registry.npmjs.org/motion-dom/-/motion-dom-12.10.5.tgz",
      "integrity": "sha512-F7XKmhxXEH/y3aWWf0N2w69wNSN+6PcJ1seqR1WolClmXpPhj+xwzs9j5CpsMFzeHR1D7irl3JcWMToPRwX6Hg==",
      "license": "MIT",
      "dependencies": {
        "motion-utils": "^12.9.4"
      }
    },
    "node_modules/motion-utils": {
      "version": "12.9.4",
      "resolved": "https://registry.npmjs.org/motion-utils/-/motion-utils-12.9.4.tgz",
      "integrity": "sha512-BW3I65zeM76CMsfh3kHid9ansEJk9Qvl+K5cu4DVHKGsI52n76OJ4z2CUJUV+Mn3uEP9k1JJA3tClG0ggSrRcg==",
      "license": "MIT"
    },
    "node_modules/next-themes": {
      "version": "0.4.6",
      "resolved": "https://registry.npmjs.org/next-themes/-/next-themes-0.4.6.tgz",
      "integrity": "sha512-pZvgD5L0IEvX5/9GWyHMf3m8BKiVQwsCMHfoFosXtXBMnaS0ZnIJ9ST4b4NqLVKDEm8QBxoNNGNaBv2JNF6XNA==",
      "license": "MIT",
      "peerDependencies": {
        "react": "^16.8 || ^17 || ^18 || ^19 || ^19.0.0-rc",
        "react-dom": "^16.8 || ^17 || ^18 || ^19 || ^19.0.0-rc"
      }
    },
    "node_modules/react": {
      "version": "19.1.0",
      "resolved": "https://registry.npmjs.org/react/-/react-19.1.0.tgz",
      "integrity": "sha512-FS+XFBNvn3GTAWq26joslQgWNoFu08F4kl0J4CgdNKADkdSGXQyTCnKteIAJy96Br6YbpEU1LSzV5dYtjMkMDg==",
      "license": "MIT",
      "peer": true,
      "engines": {
        "node": ">=0.10.0"
      }
    },
    "node_modules/react-dom": {
      "version": "19.1.0",
      "resolved": "https://registry.npmjs.org/react-dom/-/react-dom-19.1.0.tgz",
      "integrity": "sha512-Xs1hdnE+DyKgeHJeJznQmYMIBG3TKIHJJT95Q58nHLSrElKlGQqDTR2HQ9fx5CN/Gk6Vh/kupBTDLU11/nDk/g==",
      "license": "MIT",
      "peer": true,
      "dependencies": {
        "scheduler": "^0.26.0"
      },
      "peerDependencies": {
        "react": "^19.1.0"
      }
    },
    "node_modules/scheduler": {
      "version": "0.26.0",
      "resolved": "https://registry.npmjs.org/scheduler/-/scheduler-0.26.0.tgz",
      "integrity": "sha512-NlHwttCI/l5gCPR3D1nNXtWABUmBwvZpEQiD4IXSbIDq8BzLIK/7Ir5gTFSGZDUu37K5cMNp0hFtzO38sC7gWA==",
      "license": "MIT",
      "peer": true
    },
    "node_modules/tslib": {
      "version": "2.8.1",
      "resolved": "https://registry.npmjs.org/tslib/-/tslib-2.8.1.tgz",
      "integrity": "sha512-oJFu94HQb+KVduSUQL7wnpmqnfmLsOA/nAh6b6EH0wCEoK0/mPeXU6c3wKDV83MkOuHPRHtSXKKU99IBazS/2w==",
      "license": "0BSD"
    }
  }
}
